
Microsoft Visual Studio Solution File, Format Version 12.00
# Visual Studio Version 16
VisualStudioVersion = 16.0.29102.190
MinimumVisualStudioVersion = 10.0.40219.1
Project("{FAE04EC0-301F-11D3-BF4B-00C04F79EFBC}") = "vm-rental", "vm-rental\vm-rental.csproj", "{3915AC5C-D451-4816-B92B-F0AB5764D3A9}"
EndProject
Global
	GlobalSection(SolutionConfigurationPlatforms) = preSolution
		Debug|Any CPU = Debug|Any CPU
		Release|Any CPU = Release|Any CPU
	EndGlobalSection
	GlobalSection(ProjectConfigurationPlatforms) = postSolution
		{3915AC5C-D451-4816-B92B-F0AB5764D3A9}.Debug|Any CPU.ActiveCfg = Debug|Any CPU
		{3915AC5C-D451-4816-B92B-F0AB5764D3A9}.Debug|Any CPU.Build.0 = Debug|Any CPU
		{3915AC5C-D451-4816-B92B-F0AB5764D3A9}.Release|Any CPU.ActiveCfg = Release|Any CPU
		{3915AC5C-D451-4816-B92B-F0AB5764D3A9}.Release|Any CPU.Build.0 = Release|Any CPU
	EndGlobalSection
	GlobalSection(SolutionProperties) = preSolution
		HideSolutionNode = FALSE
	EndGlobalSection
	GlobalSection(ExtensibilityGlobals) = postSolution
		SolutionGuid = {03099C81-DE86-4B48-8C83-6D864ABB973E}
	EndGlobalSection
EndGlobal
