
Microsoft Visual Studio Solution File, Format Version 12.00
# Visual Studio Version 16
VisualStudioVersion = 16.0.29102.190
MinimumVisualStudioVersion = 10.0.40219.1
Project("{9A19103F-16F7-4668-BE54-9A1E7A4F7556}") = "vm_rental", "vm_rental\vm_rental.csproj", "{4C7F3649-B47F-4A00-A880-D4B20168824B}"
EndProject
Global
	GlobalSection(SolutionConfigurationPlatforms) = preSolution
		Debug|Any CPU = Debug|Any CPU
		Release|Any CPU = Release|Any CPU
	EndGlobalSection
	GlobalSection(ProjectConfigurationPlatforms) = postSolution
		{4C7F3649-B47F-4A00-A880-D4B20168824B}.Debug|Any CPU.ActiveCfg = Debug|Any CPU
		{4C7F3649-B47F-4A00-A880-D4B20168824B}.Debug|Any CPU.Build.0 = Debug|Any CPU
		{4C7F3649-B47F-4A00-A880-D4B20168824B}.Release|Any CPU.ActiveCfg = Release|Any CPU
		{4C7F3649-B47F-4A00-A880-D4B20168824B}.Release|Any CPU.Build.0 = Release|Any CPU
	EndGlobalSection
	GlobalSection(SolutionProperties) = preSolution
		HideSolutionNode = FALSE
	EndGlobalSection
	GlobalSection(ExtensibilityGlobals) = postSolution
		SolutionGuid = {8A444D19-6DDB-4A8D-A985-B57E88790636}
	EndGlobalSection
EndGlobal
